
Microsoft Visual Studio Solution File, Format Version 12.00
# Visual Studio 15
VisualStudioVersion = 15.0.27703.2026
MinimumVisualStudioVersion = 10.0.40219.1
Project("{9A19103F-16F7-4668-BE54-9A1E7A4F7556}") = "DataTransfer", "DataTransfer\DataTransfer.csproj", "{D43471D2-0DA0-46BE-B979-4C677A0F4A61}"
EndProject
Project("{9A19103F-16F7-4668-BE54-9A1E7A4F7556}") = "PerfMonitor", "Measurement\PerfMonitor.csproj", "{09865024-7982-49D8-A495-71705721587D}"
EndProject
Project("{9A19103F-16F7-4668-BE54-9A1E7A4F7556}") = "WebApplication", "WebApplication\WebApplication.csproj", "{FF9F473F-FB88-482D-91C1-A1AC5785BFC7}"
EndProject
Project("{9A19103F-16F7-4668-BE54-9A1E7A4F7556}") = "Shared", "Shared\Shared.csproj", "{66296F2A-D127-4724-AFAF-7D9AC80C5300}"
EndProject
Project("{9A19103F-16F7-4668-BE54-9A1E7A4F7556}") = "MonitorTest", "..\test\Measurement\MonitorTest\MonitorTest.csproj", "{D6225C4B-FA38-425E-BB8C-22B10046B82B}"
EndProject
Global
	GlobalSection(SolutionConfigurationPlatforms) = preSolution
		Debug|Any CPU = Debug|Any CPU
		Release|Any CPU = Release|Any CPU
	EndGlobalSection
	GlobalSection(ProjectConfigurationPlatforms) = postSolution
		{D43471D2-0DA0-46BE-B979-4C677A0F4A61}.Debug|Any CPU.ActiveCfg = Debug|Any CPU
		{D43471D2-0DA0-46BE-B979-4C677A0F4A61}.Debug|Any CPU.Build.0 = Debug|Any CPU
		{D43471D2-0DA0-46BE-B979-4C677A0F4A61}.Release|Any CPU.ActiveCfg = Release|Any CPU
		{D43471D2-0DA0-46BE-B979-4C677A0F4A61}.Release|Any CPU.Build.0 = Release|Any CPU
		{09865024-7982-49D8-A495-71705721587D}.Debug|Any CPU.ActiveCfg = Debug|Any CPU
		{09865024-7982-49D8-A495-71705721587D}.Debug|Any CPU.Build.0 = Debug|Any CPU
		{09865024-7982-49D8-A495-71705721587D}.Release|Any CPU.ActiveCfg = Release|Any CPU
		{09865024-7982-49D8-A495-71705721587D}.Release|Any CPU.Build.0 = Release|Any CPU
		{FF9F473F-FB88-482D-91C1-A1AC5785BFC7}.Debug|Any CPU.ActiveCfg = Debug|Any CPU
		{FF9F473F-FB88-482D-91C1-A1AC5785BFC7}.Debug|Any CPU.Build.0 = Debug|Any CPU
		{FF9F473F-FB88-482D-91C1-A1AC5785BFC7}.Release|Any CPU.ActiveCfg = Release|Any CPU
		{FF9F473F-FB88-482D-91C1-A1AC5785BFC7}.Release|Any CPU.Build.0 = Release|Any CPU
		{66296F2A-D127-4724-AFAF-7D9AC80C5300}.Debug|Any CPU.ActiveCfg = Debug|Any CPU
		{66296F2A-D127-4724-AFAF-7D9AC80C5300}.Debug|Any CPU.Build.0 = Debug|Any CPU
		{66296F2A-D127-4724-AFAF-7D9AC80C5300}.Release|Any CPU.ActiveCfg = Release|Any CPU
		{66296F2A-D127-4724-AFAF-7D9AC80C5300}.Release|Any CPU.Build.0 = Release|Any CPU
		{D6225C4B-FA38-425E-BB8C-22B10046B82B}.Debug|Any CPU.ActiveCfg = Debug|Any CPU
		{D6225C4B-FA38-425E-BB8C-22B10046B82B}.Debug|Any CPU.Build.0 = Debug|Any CPU
		{D6225C4B-FA38-425E-BB8C-22B10046B82B}.Release|Any CPU.ActiveCfg = Release|Any CPU
		{D6225C4B-FA38-425E-BB8C-22B10046B82B}.Release|Any CPU.Build.0 = Release|Any CPU
	EndGlobalSection
	GlobalSection(SolutionProperties) = preSolution
		HideSolutionNode = FALSE
	EndGlobalSection
	GlobalSection(ExtensibilityGlobals) = postSolution
		SolutionGuid = {F9128289-F0C5-4461-84EF-5F79959BA6EC}
	EndGlobalSection
EndGlobal
